
Microsoft Visual Studio Solution File, Format Version 12.00
# Visual Studio Version 16
VisualStudioVersion = 16.0.31410.357
MinimumVisualStudioVersion = 10.0.40219.1
Project("{FAE04EC0-301F-11D3-BF4B-00C04F79EFBC}") = "InAndOut", "InAndOut\InAndOut.csproj", "{A9005467-22D0-4124-9566-A7E5396A9AFA}"
EndProject
Global
	GlobalSection(SolutionConfigurationPlatforms) = preSolution
		Debug|Any CPU = Debug|Any CPU
		Release|Any CPU = Release|Any CPU
	EndGlobalSection
	GlobalSection(ProjectConfigurationPlatforms) = postSolution
		{A9005467-22D0-4124-9566-A7E5396A9AFA}.Debug|Any CPU.ActiveCfg = Debug|Any CPU
		{A9005467-22D0-4124-9566-A7E5396A9AFA}.Debug|Any CPU.Build.0 = Debug|Any CPU
		{A9005467-22D0-4124-9566-A7E5396A9AFA}.Release|Any CPU.ActiveCfg = Release|Any CPU
		{A9005467-22D0-4124-9566-A7E5396A9AFA}.Release|Any CPU.Build.0 = Release|Any CPU
	EndGlobalSection
	GlobalSection(SolutionProperties) = preSolution
		HideSolutionNode = FALSE
	EndGlobalSection
	GlobalSection(ExtensibilityGlobals) = postSolution
		SolutionGuid = {15E69F4B-7EA3-46EC-8887-A1E1ADDDD337}
	EndGlobalSection
EndGlobal
